
Microsoft Visual Studio Solution File, Format Version 12.00
# Visual Studio Version 16
VisualStudioVersion = 16.0.29503.13
MinimumVisualStudioVersion = 10.0.40219.1
Project("{FAE04EC0-301F-11D3-BF4B-00C04F79EFBC}") = "VSCELicense_WixSharpInstaller", "VSCELicense_WixSharpInstaller\VSCELicense_WixSharpInstaller.csproj", "{C9A243E5-6443-4A00-ACAC-C20A61286264}"
EndProject
Global
	GlobalSection(SolutionConfigurationPlatforms) = preSolution
		Debug|Any CPU = Debug|Any CPU
		Debug|x86 = Debug|x86
		Release|Any CPU = Release|Any CPU
		Release|x86 = Release|x86
	EndGlobalSection
	GlobalSection(ProjectConfigurationPlatforms) = postSolution
		{C9A243E5-6443-4A00-ACAC-C20A61286264}.Debug|Any CPU.ActiveCfg = Debug|Any CPU
		{C9A243E5-6443-4A00-ACAC-C20A61286264}.Debug|Any CPU.Build.0 = Debug|Any CPU
		{C9A243E5-6443-4A00-ACAC-C20A61286264}.Debug|x86.ActiveCfg = Debug|Any CPU
		{C9A243E5-6443-4A00-ACAC-C20A61286264}.Debug|x86.Build.0 = Debug|Any CPU
		{C9A243E5-6443-4A00-ACAC-C20A61286264}.Release|Any CPU.ActiveCfg = Release|Any CPU
		{C9A243E5-6443-4A00-ACAC-C20A61286264}.Release|Any CPU.Build.0 = Release|Any CPU
		{C9A243E5-6443-4A00-ACAC-C20A61286264}.Release|x86.ActiveCfg = Release|Any CPU
		{C9A243E5-6443-4A00-ACAC-C20A61286264}.Release|x86.Build.0 = Release|Any CPU
	EndGlobalSection
	GlobalSection(SolutionProperties) = preSolution
		HideSolutionNode = FALSE
	EndGlobalSection
	GlobalSection(ExtensibilityGlobals) = postSolution
		SolutionGuid = {3639D1FF-95B5-4503-9836-7C92651CEB38}
	EndGlobalSection
EndGlobal
